Microsoft Visual Studio Solution File, Format Version 12.00
# Visual Studio Version 16
VisualStudioVersion = 16.0.30114.105
MinimumVisualStudioVersion = 10.0.40219.1

Project("{2150E333-8FDC-42A3-9474-1A3956D46DE8}") = "_", "_", "{2605186E-8F26-49A4-9F2E-25FAEFDB280D}"
	ProjectSection(SolutionItems) = preProject
		.editorconfig = .editorconfig
		.gitignore = .gitignore
		Directory.Build.props = Directory.Build.props
		README.md = README.md
		version.json = version.json
		.csharpierrc = .csharpierrc
		dotnet-tools.json = dotnet-tools.json
		LICENSE = LICENSE
	EndProjectSection
EndProject

Project("{2150E333-8FDC-42A3-9474-1A3956D46DE8}") = "src", "src", "{18DBE598-C9B5-44DC-9E8A-BF17935DFD90}"
EndProject
Project("{FAE04EC0-301F-11D3-BF4B-00C04F79EFBC}") = "AddLib", "src\AddLib\AddLib.csproj", "{988265D1-6CBB-4294-97D7-2001D07A5284}"
EndProject

Project("{2150E333-8FDC-42A3-9474-1A3956D46DE8}") = "test", "test", "{4FF35FDC-A755-4FF2-9686-3C88027E06DC}"
EndProject
Project("{FAE04EC0-301F-11D3-BF4B-00C04F79EFBC}") = "AddLib.Tests", "test\AddLib.Tests\AddLib.Tests.csproj", "{DA395339-1051-4FC6-B62D-44636EFDE52F}"
EndProject

Global
	GlobalSection(SolutionConfigurationPlatforms) = preSolution
		Debug|Any CPU = Debug|Any CPU
		Release|Any CPU = Release|Any CPU
	EndGlobalSection
	GlobalSection(SolutionProperties) = preSolution
		HideSolutionNode = FALSE
	EndGlobalSection
	GlobalSection(ProjectConfigurationPlatforms) = postSolution
		{988265D1-6CBB-4294-97D7-2001D07A5284}.Debug|Any CPU.ActiveCfg = Debug|Any CPU
		{988265D1-6CBB-4294-97D7-2001D07A5284}.Debug|Any CPU.Build.0 = Debug|Any CPU
		{988265D1-6CBB-4294-97D7-2001D07A5284}.Release|Any CPU.ActiveCfg = Release|Any CPU
		{988265D1-6CBB-4294-97D7-2001D07A5284}.Release|Any CPU.Build.0 = Release|Any CPU
		{DA395339-1051-4FC6-B62D-44636EFDE52F}.Debug|Any CPU.ActiveCfg = Debug|Any CPU
		{DA395339-1051-4FC6-B62D-44636EFDE52F}.Debug|Any CPU.Build.0 = Debug|Any CPU
		{DA395339-1051-4FC6-B62D-44636EFDE52F}.Release|Any CPU.ActiveCfg = Release|Any CPU
		{DA395339-1051-4FC6-B62D-44636EFDE52F}.Release|Any CPU.Build.0 = Release|Any CPU
	EndGlobalSection
	GlobalSection(NestedProjects) = preSolution
		{988265D1-6CBB-4294-97D7-2001D07A5284} = {18DBE598-C9B5-44DC-9E8A-BF17935DFD90}
		{DA395339-1051-4FC6-B62D-44636EFDE52F} = {4FF35FDC-A755-4FF2-9686-3C88027E06DC}
	EndGlobalSection
EndGlobal
